// !$*UTF8*$!
{
	archiveVersion = 1;
	classes = {
	};
	objectVersion = 46;
	objects = {

/* Begin PBXBuildFile section */
		3B3BC46B1B8AC78900902E13 /* main.m in Sources */ = {isa = PBXBuildFile; fileRef = 3B3BC46A1B8AC78900902E13 /* main.m */; };
		3B3BC46E1B8AC78900902E13 /* AppDelegate.m in Sources */ = {isa = PBXBuildFile; fileRef = 3B3BC46D1B8AC78900902E13 /* AppDelegate.m */; };
		3B3BC4711B8AC78900902E13 /* ViewController.m in Sources */ = {isa = PBXBuildFile; fileRef = 3B3BC4701B8AC78900902E13 /* ViewController.m */; };
		3B3BC4741B8AC78900902E13 /* Main.storyboard in Resources */ = {isa = PBXBuildFile; fileRef = 3B3BC4721B8AC78900902E13 /* Main.storyboard */; };
		3B3BC4761B8AC78900902E13 /* Images.xcassets in Resources */ = {isa = PBXBuildFile; fileRef = 3B3BC4751B8AC78900902E13 /* Images.xcassets */; };
		3B3BC4791B8AC78900902E13 /* LaunchScreen.xib in Resources */ = {isa = PBXBuildFile; fileRef = 3B3BC4771B8AC78900902E13 /* LaunchScreen.xib */; };
		3B3BC4851B8AC78900902E13 /* SwipeViewTests.m in Sources */ = {isa = PBXBuildFile; fileRef = 3B3BC4841B8AC78900902E13 /* SwipeViewTests.m */; };
		AEBB1C84BEC060912C0A2349 /* libPods.a in Frameworks */ = {isa = PBXBuildFile; fileRef = 2936F8719CE0C117EF210012 /* libPods.a */; };
/* End PBXBuildFile section */

/* Begin PBXContainerItemProxy section */
		3B3BC47F1B8AC78900902E13 /* PBXContainerItemProxy */ = {
			isa = PBXContainerItemProxy;
			containerPortal = 3B3BC45D1B8AC78900902E13 /* Project object */;
			proxyType = 1;
			remoteGlobalIDString = 3B3BC4641B8AC78900902E13;
			remoteInfo = SwipeView;
		};
/* End PBXContainerItemProxy section */

/* Begin PBXFileReference section */
		2936F8719CE0C117EF210012 /* libPods.a */ = {isa = PBXFileReference; explicitFileType = archive.ar; includeInIndex = 0; path = libPods.a; sourceTree = BUILT_PRODUCTS_DIR; };
		3B3BC4651B8AC78900902E13 /* SwipeView.app */ = {isa = PBXFileReference; explicitFileType = wrapper.application; includeInIndex = 0; path = SwipeView.app; sourceTree = BUILT_PRODUCTS_DIR; };
		3B3BC4691B8AC78900902E13 /* Info.plist */ = {isa = PBXFileReference; lastKnownFileType = text.plist.xml; path = Info.plist; sourceTree = "<group>"; };
		3B3BC46A1B8AC78900902E13 /* main.m */ = {isa = PBXFileReference; lastKnownFileType = sourcecode.c.objc; path = main.m; sourceTree = "<group>"; };
		3B3BC46C1B8AC78900902E13 /* AppDelegate.h */ = {isa = PBXFileReference; lastKnownFileType = sourcecode.c.h; path = AppDelegate.h; sourceTree = "<group>"; };
		3B3BC46D1B8AC78900902E13 /* AppDelegate.m */ = {isa = PBXFileReference; lastKnownFileType = sourcecode.c.objc; path = AppDelegate.m; sourceTree = "<group>"; };
		3B3BC46F1B8AC78900902E13 /* ViewController.h */ = {isa = PBXFileReference; lastKnownFileType = sourcecode.c.h; path = ViewController.h; sourceTree = "<group>"; };
		3B3BC4701B8AC78900902E13 /* ViewController.m */ = {isa = PBXFileReference; lastKnownFileType = sourcecode.c.objc; path = ViewController.m; sourceTree = "<group>"; };
		3B3BC4731B8AC78900902E13 /* Base */ = {isa = PBXFileReference; lastKnownFileType = file.storyboard; name = Base; path = Base.lproj/Main.storyboard; sourceTree = "<group>"; };
		3B3BC4751B8AC78900902E13 /* Images.xcassets */ = {isa = PBXFileReference; lastKnownFileType = folder.assetcatalog; path = Images.xcassets; sourceTree = "<group>"; };
		3B3BC4781B8AC78900902E13 /* Base */ = {isa = PBXFileReference; lastKnownFileType = file.xib; name = Base; path = Base.lproj/LaunchScreen.xib; sourceTree = "<group>"; };
		3B3BC47E1B8AC78900902E13 /* SwipeViewTests.xctest */ = {isa = PBXFileReference; explicitFileType = wrapper.cfbundle; includeInIndex = 0; path = SwipeViewTests.xctest; sourceTree = BUILT_PRODUCTS_DIR; };
		3B3BC4831B8AC78900902E13 /* Info.plist */ = {isa = PBXFileReference; lastKnownFileType = text.plist.xml; path = Info.plist; sourceTree = "<group>"; };
		3B3BC4841B8AC78900902E13 /* SwipeViewTests.m */ = {isa = PBXFileReference; lastKnownFileType = sourcecode.c.objc; path = SwipeViewTests.m; sourceTree = "<group>"; };
		D8FECC0D30109C611F2A7DBA /* Pods.release.xcconfig */ = {isa = PBXFileReference; includeInIndex = 1; lastKnownFileType = text.xcconfig; name = Pods.release.xcconfig; path = "Pods/Target Support Files/Pods/Pods.release.xcconfig"; sourceTree = "<group>"; };
		F13DF316C27D16EAC4639AC9 /* Pods.debug.xcconfig */ = {isa = PBXFileReference; includeInIndex = 1; lastKnownFileType = text.xcconfig; name = Pods.debug.xcconfig; path = "Pods/Target Support Files/Pods/Pods.debug.xcconfig"; sourceTree = "<group>"; };
/* End PBXFileReference section */

/* Begin PBXFrameworksBuildPhase section */
		3B3BC4621B8AC78900902E13 /* Frameworks */ = {
			isa = PBXFrameworksBuildPhase;
			buildActionMask = 2147483647;
			files = (
				AEBB1C84BEC060912C0A2349 /* libPods.a in Frameworks */,
			);
			runOnlyForDeploymentPostprocessing = 0;
		};
		3B3BC47B1B8AC78900902E13 /* Frameworks */ = {
			isa = PBXFrameworksBuildPhase;
			buildActionMask = 2147483647;
			files = (
			);
			runOnlyForDeploymentPostprocessing = 0;
		};
/* End PBXFrameworksBuildPhase section */

/* Begin PBXGroup section */
		228AE01A0DB5C4CF2D4D1B44 /* Frameworks */ = {
			isa = PBXGroup;
			children = (
				2936F8719CE0C117EF210012 /* libPods.a */,
			);
			name = Frameworks;
			sourceTree = "<group>";
		};
		3B3BC45C1B8AC78900902E13 = {
			isa = PBXGroup;
			children = (
				3B3BC4671B8AC78900902E13 /* SwipeView */,
				3B3BC4811B8AC78900902E13 /* SwipeViewTests */,
				3B3BC4661B8AC78900902E13 /* Products */,
				CA245EDD2B3EC42F95620D7D /* Pods */,
				228AE01A0DB5C4CF2D4D1B44 /* Frameworks */,
			);
			sourceTree = "<group>";
		};
		3B3BC4661B8AC78900902E13 /* Products */ = {
			isa = PBXGroup;
			children = (
				3B3BC4651B8AC78900902E13 /* SwipeView.app */,
				3B3BC47E1B8AC78900902E13 /* SwipeViewTests.xctest */,
			);
			name = Products;
			sourceTree = "<group>";
		};
		3B3BC4671B8AC78900902E13 /* SwipeView */ = {
			isa = PBXGroup;
			children = (
				3B3BC46C1B8AC78900902E13 /* AppDelegate.h */,
				3B3BC46D1B8AC78900902E13 /* AppDelegate.m */,
				3B3BC46F1B8AC78900902E13 /* ViewController.h */,
				3B3BC4701B8AC78900902E13 /* ViewController.m */,
				3B3BC4721B8AC78900902E13 /* Main.storyboard */,
				3B3BC4751B8AC78900902E13 /* Images.xcassets */,
				3B3BC4771B8AC78900902E13 /* LaunchScreen.xib */,
				3B3BC4681B8AC78900902E13 /* Supporting Files */,
			);
			path = SwipeView;
			sourceTree = "<group>";
		};
		3B3BC4681B8AC78900902E13 /* Supporting Files */ = {
			isa = PBXGroup;
			children = (
				3B3BC4691B8AC78900902E13 /* Info.plist */,
				3B3BC46A1B8AC78900902E13 /* main.m */,
			);
			name = "Supporting Files";
			sourceTree = "<group>";
		};
		3B3BC4811B8AC78900902E13 /* SwipeViewTests */ = {
			isa = PBXGroup;
			children = (
				3B3BC4841B8AC78900902E13 /* SwipeViewTests.m */,
				3B3BC4821B8AC78900902E13 /* Supporting Files */,
			);
			path = SwipeViewTests;
			sourceTree = "<group>";
		};
		3B3BC4821B8AC78900902E13 /* Supporting Files */ = {
			isa = PBXGroup;
			children = (
				3B3BC4831B8AC78900902E13 /* Info.plist */,
			);
			name = "Supporting Files";
			sourceTree = "<group>";
		};
		CA245EDD2B3EC42F95620D7D /* Pods */ = {
			isa = PBXGroup;
			children = (
				F13DF316C27D16EAC4639AC9 /* Pods.debug.xcconfig */,
				D8FECC0D30109C611F2A7DBA /* Pods.release.xcconfig */,
			);
			name = Pods;
			sourceTree = "<group>";
		};
/* End PBXGroup section */

/* Begin PBXNativeTarget section */
		3B3BC4641B8AC78900902E13 /* SwipeView */ = {
			isa = PBXNativeTarget;
			buildConfigurationList = 3B3BC4881B8AC78900902E13 /* Build configuration list for PBXNativeTarget "SwipeView" */;
			buildPhases = (
				BD174E0320E89D1A928CA73D /* Check Pods Manifest.lock */,
				3B3BC4611B8AC78900902E13 /* Sources */,
				3B3BC4621B8AC78900902E13 /* Frameworks */,
				3B3BC4631B8AC78900902E13 /* Resources */,
				9E1A5317F2B1D8CCC66E96F9 /* Copy Pods Resources */,
			);
			buildRules = (
			);
			dependencies = (
			);
			name = SwipeView;
			productName = SwipeView;
			productReference = 3B3BC4651B8AC78900902E13 /* SwipeView.app */;
			productType = "com.apple.product-type.application";
		};
		3B3BC47D1B8AC78900902E13 /* SwipeViewTests */ = {
			isa = PBXNativeTarget;
			buildConfigurationList = 3B3BC48B1B8AC78900902E13 /* Build configuration list for PBXNativeTarget "SwipeViewTests" */;
			buildPhases = (
				3B3BC47A1B8AC78900902E13 /* Sources */,
				3B3BC47B1B8AC78900902E13 /* Frameworks */,
				3B3BC47C1B8AC78900902E13 /* Resources */,
			);
			buildRules = (
			);
			dependencies = (
				3B3BC4801B8AC78900902E13 /* PBXTargetDependency */,
			);
			name = SwipeViewTests;
			productName = SwipeViewTests;
			productReference = 3B3BC47E1B8AC78900902E13 /* SwipeViewTests.xctest */;
			productType = "com.apple.product-type.bundle.unit-test";
		};
/* End PBXNativeTarget section */

/* Begin PBXProject section */
		3B3BC45D1B8AC78900902E13 /* Project object */ = {
			isa = PBXProject;
			attributes = {
				LastUpgradeCheck = 0640;
				ORGANIZATIONNAME = JayAng;
				TargetAttributes = {
					3B3BC4641B8AC78900902E13 = {
						CreatedOnToolsVersion = 6.4;
					};
					3B3BC47D1B8AC78900902E13 = {
						CreatedOnToolsVersion = 6.4;
						TestTargetID = 3B3BC4641B8AC78900902E13;
					};
				};
			};
			buildConfigurationList = 3B3BC4601B8AC78900902E13 /* Build configuration list for PBXProject "SwipeView" */;
			compatibilityVersion = "Xcode 3.2";
			developmentRegion = English;
			hasScannedForEncodings = 0;
			knownRegions = (
				en,
				Base,
			);
			mainGroup = 3B3BC45C1B8AC78900902E13;
			productRefGroup = 3B3BC4661B8AC78900902E13 /* Products */;
			projectDirPath = "";
			projectRoot = "";
			targets = (
				3B3BC4641B8AC78900902E13 /* SwipeView */,
				3B3BC47D1B8AC78900902E13 /* SwipeViewTests */,
			);
		};
/* End PBXProject section */

/* Begin PBXResourcesBuildPhase section */
		3B3BC4631B8AC78900902E13 /* Resources */ = {
			isa = PBXResourcesBuildPhase;
			buildActionMask = 2147483647;
			files = (
				3B3BC4741B8AC78900902E13 /* Main.storyboard in Resources */,
				3B3BC4791B8AC78900902E13 /* LaunchScreen.xib in Resources */,
				3B3BC4761B8AC78900902E13 /* Images.xcassets in Resources */,
			);
			runOnlyForDeploymentPostprocessing = 0;
		};
		3B3BC47C1B8AC78900902E13 /* Resources */ = {
			isa = PBXResourcesBuildPhase;
			buildActionMask = 2147483647;
			files = (
			);
			runOnlyForDeploymentPostprocessing = 0;
		};
/* End PBXResourcesBuildPhase section */

/* Begin PBXShellScriptBuildPhase section */
		9E1A5317F2B1D8CCC66E96F9 /* Copy Pods Resources */ = {
			isa = PBXShellScriptBuildPhase;
			buildActionMask = 2147483647;
			files = (
			);
			inputPaths = (
			);
			name = "Copy Pods Resources";
			outputPaths = (
			);
			runOnlyForDeploymentPostprocessing = 0;
			shellPath = /bin/sh;
			shellScript = "\"${SRCROOT}/Pods/Target Support Files/Pods/Pods-resources.sh\"\n";
			showEnvVarsInLog = 0;
		};
		BD174E0320E89D1A928CA73D /* Check Pods Manifest.lock */ = {
			isa = PBXShellScriptBuildPhase;
			buildActionMask = 2147483647;
			files = (
			);
			inputPaths = (
			);
			name = "Check Pods Manifest.lock";
			outputPaths = (
			);
			runOnlyForDeploymentPostprocessing = 0;
			shellPath = /bin/sh;
			shellScript = "diff \"${PODS_ROOT}/../Podfile.lock\" \"${PODS_ROOT}/Manifest.lock\" > /dev/null\nif [[ $? != 0 ]] ; then\n    cat << EOM\nerror: The sandbox is not in sync with the Podfile.lock. Run 'pod install' or update your CocoaPods installation.\nEOM\n    exit 1\nfi\n";
			showEnvVarsInLog = 0;
		};
/* End PBXShellScriptBuildPhase section */

/* Begin PBXSourcesBuildPhase section */
		3B3BC4611B8AC78900902E13 /* Sources */ = {
			isa = PBXSourcesBuildPhase;
			buildActionMask = 2147483647;
			files = (
				3B3BC4711B8AC78900902E13 /* ViewController.m in Sources */,
				3B3BC46E1B8AC78900902E13 /* AppDelegate.m in Sources */,
				3B3BC46B1B8AC78900902E13 /* main.m in Sources */,
			);
			runOnlyForDeploymentPostprocessing = 0;
		};
		3B3BC47A1B8AC78900902E13 /* Sources */ = {
			isa = PBXSourcesBuildPhase;
			buildActionMask = 2147483647;
			files = (
				3B3BC4851B8AC78900902E13 /* SwipeViewTests.m in Sources */,
			);
			runOnlyForDeploymentPostprocessing = 0;
		};
/* End PBXSourcesBuildPhase section */

/* Begin PBXTargetDependency section */
		3B3BC4801B8AC78900902E13 /* PBXTargetDependency */ = {
			isa = PBXTargetDependency;
			target = 3B3BC4641B8AC78900902E13 /* SwipeView */;
			targetProxy = 3B3BC47F1B8AC78900902E13 /* PBXContainerItemProxy */;
		};
/* End PBXTargetDependency section */

/* Begin PBXVariantGroup section */
		3B3BC4721B8AC78900902E13 /* Main.storyboard */ = {
			isa = PBXVariantGroup;
			children = (
				3B3BC4731B8AC78900902E13 /* Base */,
			);
			name = Main.storyboard;
			sourceTree = "<group>";
		};
		3B3BC4771B8AC78900902E13 /* LaunchScreen.xib */ = {
			isa = PBXVariantGroup;
			children = (
				3B3BC4781B8AC78900902E13 /* Base */,
			);
			name = LaunchScreen.xib;
			sourceTree = "<group>";
		};
/* End PBXVariantGroup section */

/* Begin XCBuildConfiguration section */
		3B3BC4861B8AC78900902E13 /* Debug */ = {
			isa = XCBuildConfiguration;
			buildSettings = {
				ALWAYS_SEARCH_USER_PATHS = NO;
				CLANG_CXX_LANGUAGE_STANDARD = "gnu++0x";
				CLANG_CXX_LIBRARY = "libc++";
				CLANG_ENABLE_MODULES = YES;
				CLANG_ENABLE_OBJC_ARC = YES;
				CLANG_WARN_BOOL_CONVERSION = YES;
				CLANG_WARN_CONSTANT_CONVERSION = YES;
				CLANG_WARN_DIRECT_OBJC_ISA_USAGE = YES_ERROR;
				CLANG_WARN_EMPTY_BODY = YES;
				CLANG_WARN_ENUM_CONVERSION = YES;
				CLANG_WARN_INT_CONVERSION = YES;
				CLANG_WARN_OBJC_ROOT_CLASS = YES_ERROR;
				CLANG_WARN_UNREACHABLE_CODE = YES;
				CLANG_WARN__DUPLICATE_METHOD_MATCH = YES;
				"CODE_SIGN_IDENTITY[sdk=iphoneos*]" = "iPhone Developer";
				COPY_PHASE_STRIP = NO;
				DEBUG_INFORMATION_FORMAT = "dwarf-with-dsym";
				ENABLE_STRICT_OBJC_MSGSEND = YES;
				GCC_C_LANGUAGE_STANDARD = gnu99;
				GCC_DYNAMIC_NO_PIC = NO;
				GCC_NO_COMMON_BLOCKS = YES;
				GCC_OPTIMIZATION_LEVEL = 0;
				GCC_PREPROCESSOR_DEFINITIONS = (
					"DEBUG=1",
					"$(inherited)",
				);
				GCC_SYMBOLS_PRIVATE_EXTERN = NO;
				GCC_WARN_64_TO_32_BIT_CONVERSION = YES;
				GCC_WARN_ABOUT_RETURN_TYPE = YES_ERROR;
				GCC_WARN_UNDECLARED_SELECTOR = YES;
				GCC_WARN_UNINITIALIZED_AUTOS = YES_AGGRESSIVE;
				GCC_WARN_UNUSED_FUNCTION = YES;
				GCC_WARN_UNUSED_VARIABLE = YES;
				IPHONEOS_DEPLOYMENT_TARGET = 8.4;
				MTL_ENABLE_DEBUG_INFO = YES;
				ONLY_ACTIVE_ARCH = YES;
				SDKROOT = iphoneos;
			};
			name = Debug;
		};
		3B3BC4871B8AC78900902E13 /* Release */ = {
			isa = XCBuildConfiguration;
			buildSettings = {
				ALWAYS_SEARCH_USER_PATHS = NO;
				CLANG_CXX_LANGUAGE_STANDARD = "gnu++0x";
				CLANG_CXX_LIBRARY = "libc++";
				CLANG_ENABLE_MODULES = YES;
				CLANG_ENABLE_OBJC_ARC = YES;
				CLANG_WARN_BOOL_CONVERSION = YES;
				CLANG_WARN_CONSTANT_CONVERSION = YES;
				CLANG_WARN_DIRECT_OBJC_ISA_USAGE = YES_ERROR;
				CLANG_WARN_EMPTY_BODY = YES;
				CLANG_WARN_ENUM_CONVERSION = YES;
				CLANG_WARN_INT_CONVERSION = YES;
				CLANG_WARN_OBJC_ROOT_CLASS = YES_ERROR;
				CLANG_WARN_UNREACHABLE_CODE = YES;
				CLANG_WARN__DUPLICATE_METHOD_MATCH = YES;
				"CODE_SIGN_IDENTITY[sdk=iphoneos*]" = "iPhone Developer";
				COPY_PHASE_STRIP = NO;
				DEBUG_INFORMATION_FORMAT = "dwarf-with-dsym";
				ENABLE_NS_ASSERTIONS = NO;
				ENABLE_STRICT_OBJC_MSGSEND = YES;
				GCC_C_LANGUAGE_STANDARD = gnu99;
				GCC_NO_COMMON_BLOCKS = YES;
				GCC_WARN_64_TO_32_BIT_CONVERSION = YES;
				GCC_WARN_ABOUT_RETURN_TYPE = YES_ERROR;
				GCC_WARN_UNDECLARED_SELECTOR = YES;
				GCC_WARN_UNINITIALIZED_AUTOS = YES_AGGRESSIVE;
				GCC_WARN_UNUSED_FUNCTION = YES;
				GCC_WARN_UNUSED_VARIABLE = YES;
				IPHONEOS_DEPLOYMENT_TARGET = 8.4;
				MTL_ENABLE_DEBUG_INFO = NO;
				SDKROOT = iphoneos;
				VALIDATE_PRODUCT = YES;
			};
			name = Release;
		};
		3B3BC4891B8AC78900902E13 /* Debug */ = {
			isa = XCBuildConfiguration;
			baseConfigurationReference = F13DF316C27D16EAC4639AC9 /* Pods.debug.xcconfig */;
			buildSettings = {
				ASSETCATALOG_COMPILER_APPICON_NAME = AppIcon;
				INFOPLIST_FILE = SwipeView/Info.plist;
				LD_RUNPATH_SEARCH_PATHS = "$(inherited) @executable_path/Frameworks";
				PRODUCT_NAME = "$(TARGET_NAME)";
			};
			name = Debug;
		};
		3B3BC48A1B8AC78900902E13 /* Release */ = {
			isa = XCBuildConfiguration;
			baseConfigurationReference = D8FECC0D30109C611F2A7DBA /* Pods.release.xcconfig */;
			buildSettings = {
				ASSETCATALOG_COMPILER_APPICON_NAME = AppIcon;
				INFOPLIST_FILE = SwipeView/Info.plist;
				LD_RUNPATH_SEARCH_PATHS = "$(inherited) @executable_path/Frameworks";
				PRODUCT_NAME = "$(TARGET_NAME)";
			};
			name = Release;
		};
		3B3BC48C1B8AC78900902E13 /* Debug */ = {
			isa = XCBuildConfiguration;
			buildSettings = {
				BUNDLE_LOADER = "$(TEST_HOST)";
				FRAMEWORK_SEARCH_PATHS = (
					"$(SDKROOT)/Developer/Library/Frameworks",
					"$(inherited)",
				);
				GCC_PREPROCESSOR_DEFINITIONS = (
					"DEBUG=1",
					"$(inherited)",
				);
				INFOPLIST_FILE = SwipeViewTests/Info.plist;
				LD_RUNPATH_SEARCH_PATHS = "$(inherited) @executable_path/Frameworks @loader_path/Frameworks";
				PRODUCT_NAME = "$(TARGET_NAME)";
				TEST_HOST = "$(BUILT_PRODUCTS_DIR)/SwipeView.app/SwipeView";
			};
			name = Debug;
		};
		3B3BC48D1B8AC78900902E13 /* Release */ = {
			isa = XCBuildConfiguration;
			buildSettings = {
				BUNDLE_LOADER = "$(TEST_HOST)";
				FRAMEWORK_SEARCH_PATHS = (
					"$(SDKROOT)/Developer/Library/Frameworks",
					"$(inherited)",
				);
				INFOPLIST_FILE = SwipeViewTests/Info.plist;
				LD_RUNPATH_SEARCH_PATHS = "$(inherited) @executable_path/Frameworks @loader_path/Frameworks";
				PRODUCT_NAME = "$(TARGET_NAME)";
				TEST_HOST = "$(BUILT_PRODUCTS_DIR)/SwipeView.app/SwipeView";
			};
			name = Release;
		};
/* End XCBuildConfiguration section */

/* Begin XCConfigurationList section */
		3B3BC4601B8AC78900902E13 /* Build configuration list for PBXProject "SwipeView" */ = {
			isa = XCConfigurationList;
			buildConfigurations = (
				3B3BC4861B8AC78900902E13 /* Debug */,
				3B3BC4871B8AC78900902E13 /* Release */,
			);
			defaultConfigurationIsVisible = 0;
			defaultConfigurationName = Release;
		};
		3B3BC4881B8AC78900902E13 /* Build configuration list for PBXNativeTarget "SwipeView" */ = {
			isa = XCConfigurationList;
			buildConfigurations = (
				3B3BC4891B8AC78900902E13 /* Debug */,
				3B3BC48A1B8AC78900902E13 /* Release */,
			);
			defaultConfigurationIsVisible = 0;
			defaultConfigurationName = Release;
		};
		3B3BC48B1B8AC78900902E13 /* Build configuration list for PBXNativeTarget "SwipeViewTests" */ = {
			isa = XCConfigurationList;
			buildConfigurations = (
				3B3BC48C1B8AC78900902E13 /* Debug */,
				3B3BC48D1B8AC78900902E13 /* Release */,
			);
			defaultConfigurationIsVisible = 0;
			defaultConfigurationName = Release;
		};
/* End XCConfigurationList section */
	};
	rootObject = 3B3BC45D1B8AC78900902E13 /* Project object */;
}
